
Microsoft Visual Studio Solution File, Format Version 12.00
# Visual Studio Version 16
VisualStudioVersion = 16.0.31105.61
MinimumVisualStudioVersion = 10.0.40219.1
Project("{FAE04EC0-301F-11D3-BF4B-00C04F79EFBC}") = "InfSystem", "InfSystem\InfSystem.csproj", "{D411F2F2-C213-48A8-8FA2-769BE5F919D8}"
EndProject
Project("{FAE04EC0-301F-11D3-BF4B-00C04F79EFBC}") = "DbConnection", "DbConnection\DbConnection.csproj", "{C33D70EC-5A4F-4DC3-8583-78ECAEFB4E33}"
EndProject
Project("{FAE04EC0-301F-11D3-BF4B-00C04F79EFBC}") = "ReportBuilder", "ReportBuilder\ReportBuilder.csproj", "{2CB3C133-7E8E-4358-8DCA-99E17654651D}"
EndProject
Project("{FAE04EC0-301F-11D3-BF4B-00C04F79EFBC}") = "QueryBuilder", "QueryBuilder\QueryBuilder.csproj", "{95E883CF-3AEF-4804-8475-9AB7331F9192}"
EndProject
Project("{FAE04EC0-301F-11D3-BF4B-00C04F79EFBC}") = "ClassificatorsLoader", "ClassificatorsLoader\ClassificatorsLoader.csproj", "{9E371BF1-9970-44EE-96A1-A4A3E85DDD4D}"
EndProject
Global
	GlobalSection(SolutionConfigurationPlatforms) = preSolution
		Debug|Any CPU = Debug|Any CPU
		Release|Any CPU = Release|Any CPU
	EndGlobalSection
	GlobalSection(ProjectConfigurationPlatforms) = postSolution
		{D411F2F2-C213-48A8-8FA2-769BE5F919D8}.Debug|Any CPU.ActiveCfg = Debug|Any CPU
		{D411F2F2-C213-48A8-8FA2-769BE5F919D8}.Debug|Any CPU.Build.0 = Debug|Any CPU
		{D411F2F2-C213-48A8-8FA2-769BE5F919D8}.Release|Any CPU.ActiveCfg = Release|Any CPU
		{D411F2F2-C213-48A8-8FA2-769BE5F919D8}.Release|Any CPU.Build.0 = Release|Any CPU
		{C33D70EC-5A4F-4DC3-8583-78ECAEFB4E33}.Debug|Any CPU.ActiveCfg = Debug|Any CPU
		{C33D70EC-5A4F-4DC3-8583-78ECAEFB4E33}.Debug|Any CPU.Build.0 = Debug|Any CPU
		{C33D70EC-5A4F-4DC3-8583-78ECAEFB4E33}.Release|Any CPU.ActiveCfg = Release|Any CPU
		{C33D70EC-5A4F-4DC3-8583-78ECAEFB4E33}.Release|Any CPU.Build.0 = Release|Any CPU
		{2CB3C133-7E8E-4358-8DCA-99E17654651D}.Debug|Any CPU.ActiveCfg = Debug|Any CPU
		{2CB3C133-7E8E-4358-8DCA-99E17654651D}.Debug|Any CPU.Build.0 = Debug|Any CPU
		{2CB3C133-7E8E-4358-8DCA-99E17654651D}.Release|Any CPU.ActiveCfg = Release|Any CPU
		{2CB3C133-7E8E-4358-8DCA-99E17654651D}.Release|Any CPU.Build.0 = Release|Any CPU
		{95E883CF-3AEF-4804-8475-9AB7331F9192}.Debug|Any CPU.ActiveCfg = Debug|Any CPU
		{95E883CF-3AEF-4804-8475-9AB7331F9192}.Debug|Any CPU.Build.0 = Debug|Any CPU
		{95E883CF-3AEF-4804-8475-9AB7331F9192}.Release|Any CPU.ActiveCfg = Release|Any CPU
		{95E883CF-3AEF-4804-8475-9AB7331F9192}.Release|Any CPU.Build.0 = Release|Any CPU
		{9E371BF1-9970-44EE-96A1-A4A3E85DDD4D}.Debug|Any CPU.ActiveCfg = Debug|Any CPU
		{9E371BF1-9970-44EE-96A1-A4A3E85DDD4D}.Debug|Any CPU.Build.0 = Debug|Any CPU
		{9E371BF1-9970-44EE-96A1-A4A3E85DDD4D}.Release|Any CPU.ActiveCfg = Release|Any CPU
		{9E371BF1-9970-44EE-96A1-A4A3E85DDD4D}.Release|Any CPU.Build.0 = Release|Any CPU
	EndGlobalSection
	GlobalSection(SolutionProperties) = preSolution
		HideSolutionNode = FALSE
	EndGlobalSection
	GlobalSection(ExtensibilityGlobals) = postSolution
		SolutionGuid = {D63B76E2-DFEB-4BA9-AD28-1E8BC428360D}
	EndGlobalSection
EndGlobal
